// !$*UTF8*$!
{
	archiveVersion = 1;
	classes = {
	};
	objectVersion = 55;
	objects = {

/* Begin PBXBuildFile section */
		F5EB598129A2112200365DC1 /* IndicatorTestApp.swift in Sources */ = {isa = PBXBuildFile; fileRef = F5EB598029A2112200365DC1 /* IndicatorTestApp.swift */; };
		F5EB598329A2112200365DC1 /* ContentView.swift in Sources */ = {isa = PBXBuildFile; fileRef = F5EB598229A2112200365DC1 /* ContentView.swift */; };
		F5EB598529A2112500365DC1 /* Assets.xcassets in Resources */ = {isa = PBXBuildFile; fileRef = F5EB598429A2112500365DC1 /* Assets.xcassets */; };
		F5EB598829A2112500365DC1 /* Preview Assets.xcassets in Resources */ = {isa = PBXBuildFile; fileRef = F5EB598729A2112500365DC1 /* Preview Assets.xcassets */; };
		F5EB599229A2112500365DC1 /* IndicatorTestTests.swift in Sources */ = {isa = PBXBuildFile; fileRef = F5EB599129A2112500365DC1 /* IndicatorTestTests.swift */; };
		F5EB599C29A2112500365DC1 /* IndicatorTestUITests.swift in Sources */ = {isa = PBXBuildFile; fileRef = F5EB599B29A2112500365DC1 /* IndicatorTestUITests.swift */; };
		F5EB599E29A2112500365DC1 /* IndicatorTestUITestsLaunchTests.swift in Sources */ = {isa = PBXBuildFile; fileRef = F5EB599D29A2112500365DC1 /* IndicatorTestUITestsLaunchTests.swift */; };
		F5EB59B929A22B0700365DC1 /* GLoading-Indicator in Frameworks */ = {isa = PBXBuildFile; productRef = F5EB59B829A22B0700365DC1 /* GLoading-Indicator */; };
/* End PBXBuildFile section */

/* Begin PBXContainerItemProxy section */
		F5EB598E29A2112500365DC1 /* PBXContainerItemProxy */ = {
			isa = PBXContainerItemProxy;
			containerPortal = F5EB597529A2112200365DC1 /* Project object */;
			proxyType = 1;
			remoteGlobalIDString = F5EB597C29A2112200365DC1;
			remoteInfo = IndicatorTest;
		};
		F5EB599829A2112500365DC1 /* PBXContainerItemProxy */ = {
			isa = PBXContainerItemProxy;
			containerPortal = F5EB597529A2112200365DC1 /* Project object */;
			proxyType = 1;
			remoteGlobalIDString = F5EB597C29A2112200365DC1;
			remoteInfo = IndicatorTest;
		};
/* End PBXContainerItemProxy section */

/* Begin PBXFileReference section */
		F5EB597D29A2112200365DC1 /* IndicatorTest.app */ = {isa = PBXFileReference; explicitFileType = wrapper.application; includeInIndex = 0; path = IndicatorTest.app; sourceTree = BUILT_PRODUCTS_DIR; };
		F5EB598029A2112200365DC1 /* IndicatorTestApp.swift */ = {isa = PBXFileReference; lastKnownFileType = sourcecode.swift; path = IndicatorTestApp.swift; sourceTree = "<group>"; };
		F5EB598229A2112200365DC1 /* ContentView.swift */ = {isa = PBXFileReference; lastKnownFileType = sourcecode.swift; path = ContentView.swift; sourceTree = "<group>"; };
		F5EB598429A2112500365DC1 /* Assets.xcassets */ = {isa = PBXFileReference; lastKnownFileType = folder.assetcatalog; path = Assets.xcassets; sourceTree = "<group>"; };
		F5EB598729A2112500365DC1 /* Preview Assets.xcassets */ = {isa = PBXFileReference; lastKnownFileType = folder.assetcatalog; path = "Preview Assets.xcassets"; sourceTree = "<group>"; };
		F5EB598D29A2112500365DC1 /* IndicatorTestTests.xctest */ = {isa = PBXFileReference; explicitFileType = wrapper.cfbundle; includeInIndex = 0; path = IndicatorTestTests.xctest; sourceTree = BUILT_PRODUCTS_DIR; };
		F5EB599129A2112500365DC1 /* IndicatorTestTests.swift */ = {isa = PBXFileReference; lastKnownFileType = sourcecode.swift; path = IndicatorTestTests.swift; sourceTree = "<group>"; };
		F5EB599729A2112500365DC1 /* IndicatorTestUITests.xctest */ = {isa = PBXFileReference; explicitFileType = wrapper.cfbundle; includeInIndex = 0; path = IndicatorTestUITests.xctest; sourceTree = BUILT_PRODUCTS_DIR; };
		F5EB599B29A2112500365DC1 /* IndicatorTestUITests.swift */ = {isa = PBXFileReference; lastKnownFileType = sourcecode.swift; path = IndicatorTestUITests.swift; sourceTree = "<group>"; };
		F5EB599D29A2112500365DC1 /* IndicatorTestUITestsLaunchTests.swift */ = {isa = PBXFileReference; lastKnownFileType = sourcecode.swift; path = IndicatorTestUITestsLaunchTests.swift; sourceTree = "<group>"; };
/* End PBXFileReference section */

/* Begin PBXFrameworksBuildPhase section */
		F5EB597A29A2112200365DC1 /* Frameworks */ = {
			isa = PBXFrameworksBuildPhase;
			buildActionMask = 2147483647;
			files = (
				F5EB59B929A22B0700365DC1 /* GLoading-Indicator in Frameworks */,
			);
			runOnlyForDeploymentPostprocessing = 0;
		};
		F5EB598A29A2112500365DC1 /* Frameworks */ = {
			isa = PBXFrameworksBuildPhase;
			buildActionMask = 2147483647;
			files = (
			);
			runOnlyForDeploymentPostprocessing = 0;
		};
		F5EB599429A2112500365DC1 /* Frameworks */ = {
			isa = PBXFrameworksBuildPhase;
			buildActionMask = 2147483647;
			files = (
			);
			runOnlyForDeploymentPostprocessing = 0;
		};
/* End PBXFrameworksBuildPhase section */

/* Begin PBXGroup section */
		F5EB597429A2112200365DC1 = {
			isa = PBXGroup;
			children = (
				F5EB597F29A2112200365DC1 /* IndicatorTest */,
				F5EB599029A2112500365DC1 /* IndicatorTestTests */,
				F5EB599A29A2112500365DC1 /* IndicatorTestUITests */,
				F5EB597E29A2112200365DC1 /* Products */,
				F5EB59B429A22A2700365DC1 /* Frameworks */,
			);
			sourceTree = "<group>";
		};
		F5EB597E29A2112200365DC1 /* Products */ = {
			isa = PBXGroup;
			children = (
				F5EB597D29A2112200365DC1 /* IndicatorTest.app */,
				F5EB598D29A2112500365DC1 /* IndicatorTestTests.xctest */,
				F5EB599729A2112500365DC1 /* IndicatorTestUITests.xctest */,
			);
			name = Products;
			sourceTree = "<group>";
		};
		F5EB597F29A2112200365DC1 /* IndicatorTest */ = {
			isa = PBXGroup;
			children = (
				F5EB598029A2112200365DC1 /* IndicatorTestApp.swift */,
				F5EB598229A2112200365DC1 /* ContentView.swift */,
				F5EB598429A2112500365DC1 /* Assets.xcassets */,
				F5EB598629A2112500365DC1 /* Preview Content */,
			);
			path = IndicatorTest;
			sourceTree = "<group>";
		};
		F5EB598629A2112500365DC1 /* Preview Content */ = {
			isa = PBXGroup;
			children = (
				F5EB598729A2112500365DC1 /* Preview Assets.xcassets */,
			);
			path = "Preview Content";
			sourceTree = "<group>";
		};
		F5EB599029A2112500365DC1 /* IndicatorTestTests */ = {
			isa = PBXGroup;
			children = (
				F5EB599129A2112500365DC1 /* IndicatorTestTests.swift */,
			);
			path = IndicatorTestTests;
			sourceTree = "<group>";
		};
		F5EB599A29A2112500365DC1 /* IndicatorTestUITests */ = {
			isa = PBXGroup;
			children = (
				F5EB599B29A2112500365DC1 /* IndicatorTestUITests.swift */,
				F5EB599D29A2112500365DC1 /* IndicatorTestUITestsLaunchTests.swift */,
			);
			path = IndicatorTestUITests;
			sourceTree = "<group>";
		};
		F5EB59B429A22A2700365DC1 /* Frameworks */ = {
			isa = PBXGroup;
			children = (
			);
			name = Frameworks;
			sourceTree = "<group>";
		};
/* End PBXGroup section */

/* Begin PBXNativeTarget section */
		F5EB597C29A2112200365DC1 /* IndicatorTest */ = {
			isa = PBXNativeTarget;
			buildConfigurationList = F5EB59A129A2112500365DC1 /* Build configuration list for PBXNativeTarget "IndicatorTest" */;
			buildPhases = (
				F5EB597929A2112200365DC1 /* Sources */,
				F5EB597A29A2112200365DC1 /* Frameworks */,
				F5EB597B29A2112200365DC1 /* Resources */,
			);
			buildRules = (
			);
			dependencies = (
			);
			name = IndicatorTest;
			packageProductDependencies = (
				F5EB59B829A22B0700365DC1 /* GLoading-Indicator */,
			);
			productName = IndicatorTest;
			productReference = F5EB597D29A2112200365DC1 /* IndicatorTest.app */;
			productType = "com.apple.product-type.application";
		};
		F5EB598C29A2112500365DC1 /* IndicatorTestTests */ = {
			isa = PBXNativeTarget;
			buildConfigurationList = F5EB59A429A2112500365DC1 /* Build configuration list for PBXNativeTarget "IndicatorTestTests" */;
			buildPhases = (
				F5EB598929A2112500365DC1 /* Sources */,
				F5EB598A29A2112500365DC1 /* Frameworks */,
				F5EB598B29A2112500365DC1 /* Resources */,
			);
			buildRules = (
			);
			dependencies = (
				F5EB598F29A2112500365DC1 /* PBXTargetDependency */,
			);
			name = IndicatorTestTests;
			productName = IndicatorTestTests;
			productReference = F5EB598D29A2112500365DC1 /* IndicatorTestTests.xctest */;
			productType = "com.apple.product-type.bundle.unit-test";
		};
		F5EB599629A2112500365DC1 /* IndicatorTestUITests */ = {
			isa = PBXNativeTarget;
			buildConfigurationList = F5EB59A729A2112500365DC1 /* Build configuration list for PBXNativeTarget "IndicatorTestUITests" */;
			buildPhases = (
				F5EB599329A2112500365DC1 /* Sources */,
				F5EB599429A2112500365DC1 /* Frameworks */,
				F5EB599529A2112500365DC1 /* Resources */,
			);
			buildRules = (
			);
			dependencies = (
				F5EB599929A2112500365DC1 /* PBXTargetDependency */,
			);
			name = IndicatorTestUITests;
			productName = IndicatorTestUITests;
			productReference = F5EB599729A2112500365DC1 /* IndicatorTestUITests.xctest */;
			productType = "com.apple.product-type.bundle.ui-testing";
		};
/* End PBXNativeTarget section */

/* Begin PBXProject section */
		F5EB597529A2112200365DC1 /* Project object */ = {
			isa = PBXProject;
			attributes = {
				BuildIndependentTargetsInParallel = 1;
				LastSwiftUpdateCheck = 1340;
				LastUpgradeCheck = 1340;
				TargetAttributes = {
					F5EB597C29A2112200365DC1 = {
						CreatedOnToolsVersion = 13.4.1;
					};
					F5EB598C29A2112500365DC1 = {
						CreatedOnToolsVersion = 13.4.1;
						TestTargetID = F5EB597C29A2112200365DC1;
					};
					F5EB599629A2112500365DC1 = {
						CreatedOnToolsVersion = 13.4.1;
						TestTargetID = F5EB597C29A2112200365DC1;
					};
				};
			};
			buildConfigurationList = F5EB597829A2112200365DC1 /* Build configuration list for PBXProject "IndicatorTest" */;
			compatibilityVersion = "Xcode 13.0";
			developmentRegion = en;
			hasScannedForEncodings = 0;
			knownRegions = (
				en,
				Base,
			);
			mainGroup = F5EB597429A2112200365DC1;
			packageReferences = (
				F5EB59B729A22B0700365DC1 /* XCRemoteSwiftPackageReference "GLoading-Indicator" */,
			);
			productRefGroup = F5EB597E29A2112200365DC1 /* Products */;
			projectDirPath = "";
			projectRoot = "";
			targets = (
				F5EB597C29A2112200365DC1 /* IndicatorTest */,
				F5EB598C29A2112500365DC1 /* IndicatorTestTests */,
				F5EB599629A2112500365DC1 /* IndicatorTestUITests */,
			);
		};
/* End PBXProject section */

/* Begin PBXResourcesBuildPhase section */
		F5EB597B29A2112200365DC1 /* Resources */ = {
			isa = PBXResourcesBuildPhase;
			buildActionMask = 2147483647;
			files = (
				F5EB598829A2112500365DC1 /* Preview Assets.xcassets in Resources */,
				F5EB598529A2112500365DC1 /* Assets.xcassets in Resources */,
			);
			runOnlyForDeploymentPostprocessing = 0;
		};
		F5EB598B29A2112500365DC1 /* Resources */ = {
			isa = PBXResourcesBuildPhase;
			buildActionMask = 2147483647;
			files = (
			);
			runOnlyForDeploymentPostprocessing = 0;
		};
		F5EB599529A2112500365DC1 /* Resources */ = {
			isa = PBXResourcesBuildPhase;
			buildActionMask = 2147483647;
			files = (
			);
			runOnlyForDeploymentPostprocessing = 0;
		};
/* End PBXResourcesBuildPhase section */

/* Begin PBXSourcesBuildPhase section */
		F5EB597929A2112200365DC1 /* Sources */ = {
			isa = PBXSourcesBuildPhase;
			buildActionMask = 2147483647;
			files = (
				F5EB598329A2112200365DC1 /* ContentView.swift in Sources */,
				F5EB598129A2112200365DC1 /* IndicatorTestApp.swift in Sources */,
			);
			runOnlyForDeploymentPostprocessing = 0;
		};
		F5EB598929A2112500365DC1 /* Sources */ = {
			isa = PBXSourcesBuildPhase;
			buildActionMask = 2147483647;
			files = (
				F5EB599229A2112500365DC1 /* IndicatorTestTests.swift in Sources */,
			);
			runOnlyForDeploymentPostprocessing = 0;
		};
		F5EB599329A2112500365DC1 /* Sources */ = {
			isa = PBXSourcesBuildPhase;
			buildActionMask = 2147483647;
			files = (
				F5EB599E29A2112500365DC1 /* IndicatorTestUITestsLaunchTests.swift in Sources */,
				F5EB599C29A2112500365DC1 /* IndicatorTestUITests.swift in Sources */,
			);
			runOnlyForDeploymentPostprocessing = 0;
		};
/* End PBXSourcesBuildPhase section */

/* Begin PBXTargetDependency section */
		F5EB598F29A2112500365DC1 /* PBXTargetDependency */ = {
			isa = PBXTargetDependency;
			target = F5EB597C29A2112200365DC1 /* IndicatorTest */;
			targetProxy = F5EB598E29A2112500365DC1 /* PBXContainerItemProxy */;
		};
		F5EB599929A2112500365DC1 /* PBXTargetDependency */ = {
			isa = PBXTargetDependency;
			target = F5EB597C29A2112200365DC1 /* IndicatorTest */;
			targetProxy = F5EB599829A2112500365DC1 /* PBXContainerItemProxy */;
		};
/* End PBXTargetDependency section */

/* Begin XCBuildConfiguration section */
		F5EB599F29A2112500365DC1 /* Debug */ = {
			isa = XCBuildConfiguration;
			buildSettings = {
				ALWAYS_SEARCH_USER_PATHS = NO;
				CLANG_ANALYZER_NONNULL = YES;
				CLANG_ANALYZER_NUMBER_OBJECT_CONVERSION = YES_AGGRESSIVE;
				CLANG_CXX_LANGUAGE_STANDARD = "gnu++17";
				CLANG_ENABLE_MODULES = YES;
				CLANG_ENABLE_OBJC_ARC = YES;
				CLANG_ENABLE_OBJC_WEAK = YES;
				CLANG_WARN_BLOCK_CAPTURE_AUTORELEASING = YES;
				CLANG_WARN_BOOL_CONVERSION = YES;
				CLANG_WARN_COMMA = YES;
				CLANG_WARN_CONSTANT_CONVERSION = YES;
				CLANG_WARN_DEPRECATED_OBJC_IMPLEMENTATIONS = YES;
				CLANG_WARN_DIRECT_OBJC_ISA_USAGE = YES_ERROR;
				CLANG_WARN_DOCUMENTATION_COMMENTS = YES;
				CLANG_WARN_EMPTY_BODY = YES;
				CLANG_WARN_ENUM_CONVERSION = YES;
				CLANG_WARN_INFINITE_RECURSION = YES;
				CLANG_WARN_INT_CONVERSION = YES;
				CLANG_WARN_NON_LITERAL_NULL_CONVERSION = YES;
				CLANG_WARN_OBJC_IMPLICIT_RETAIN_SELF = YES;
				CLANG_WARN_OBJC_LITERAL_CONVERSION = YES;
				CLANG_WARN_OBJC_ROOT_CLASS = YES_ERROR;
				CLANG_WARN_QUOTED_INCLUDE_IN_FRAMEWORK_HEADER = YES;
				CLANG_WARN_RANGE_LOOP_ANALYSIS = YES;
				CLANG_WARN_STRICT_PROTOTYPES = YES;
				CLANG_WARN_SUSPICIOUS_MOVE = YES;
				CLANG_WARN_UNGUARDED_AVAILABILITY = YES_AGGRESSIVE;
				CLANG_WARN_UNREACHABLE_CODE = YES;
				CLANG_WARN__DUPLICATE_METHOD_MATCH = YES;
				COPY_PHASE_STRIP = NO;
				DEBUG_INFORMATION_FORMAT = dwarf;
				ENABLE_STRICT_OBJC_MSGSEND = YES;
				ENABLE_TESTABILITY = YES;
				GCC_C_LANGUAGE_STANDARD = gnu11;
				GCC_DYNAMIC_NO_PIC = NO;
				GCC_NO_COMMON_BLOCKS = YES;
				GCC_OPTIMIZATION_LEVEL = 0;
				GCC_PREPROCESSOR_DEFINITIONS = (
					"DEBUG=1",
					"$(inherited)",
				);
				GCC_WARN_64_TO_32_BIT_CONVERSION = YES;
				GCC_WARN_ABOUT_RETURN_TYPE = YES_ERROR;
				GCC_WARN_UNDECLARED_SELECTOR = YES;
				GCC_WARN_UNINITIALIZED_AUTOS = YES_AGGRESSIVE;
				GCC_WARN_UNUSED_FUNCTION = YES;
				GCC_WARN_UNUSED_VARIABLE = YES;
				IPHONEOS_DEPLOYMENT_TARGET = 15.5;
				MTL_ENABLE_DEBUG_INFO = INCLUDE_SOURCE;
				MTL_FAST_MATH = YES;
				ONLY_ACTIVE_ARCH = YES;
				SDKROOT = iphoneos;
				SWIFT_ACTIVE_COMPILATION_CONDITIONS = DEBUG;
				SWIFT_OPTIMIZATION_LEVEL = "-Onone";
			};
			name = Debug;
		};
		F5EB59A029A2112500365DC1 /* Release */ = {
			isa = XCBuildConfiguration;
			buildSettings = {
				ALWAYS_SEARCH_USER_PATHS = NO;
				CLANG_ANALYZER_NONNULL = YES;
				CLANG_ANALYZER_NUMBER_OBJECT_CONVERSION = YES_AGGRESSIVE;
				CLANG_CXX_LANGUAGE_STANDARD = "gnu++17";
				CLANG_ENABLE_MODULES = YES;
				CLANG_ENABLE_OBJC_ARC = YES;
				CLANG_ENABLE_OBJC_WEAK = YES;
				CLANG_WARN_BLOCK_CAPTURE_AUTORELEASING = YES;
				CLANG_WARN_BOOL_CONVERSION = YES;
				CLANG_WARN_COMMA = YES;
				CLANG_WARN_CONSTANT_CONVERSION = YES;
				CLANG_WARN_DEPRECATED_OBJC_IMPLEMENTATIONS = YES;
				CLANG_WARN_DIRECT_OBJC_ISA_USAGE = YES_ERROR;
				CLANG_WARN_DOCUMENTATION_COMMENTS = YES;
				CLANG_WARN_EMPTY_BODY = YES;
				CLANG_WARN_ENUM_CONVERSION = YES;
				CLANG_WARN_INFINITE_RECURSION = YES;
				CLANG_WARN_INT_CONVERSION = YES;
				CLANG_WARN_NON_LITERAL_NULL_CONVERSION = YES;
				CLANG_WARN_OBJC_IMPLICIT_RETAIN_SELF = YES;
				CLANG_WARN_OBJC_LITERAL_CONVERSION = YES;
				CLANG_WARN_OBJC_ROOT_CLASS = YES_ERROR;
				CLANG_WARN_QUOTED_INCLUDE_IN_FRAMEWORK_HEADER = YES;
				CLANG_WARN_RANGE_LOOP_ANALYSIS = YES;
				CLANG_WARN_STRICT_PROTOTYPES = YES;
				CLANG_WARN_SUSPICIOUS_MOVE = YES;
				CLANG_WARN_UNGUARDED_AVAILABILITY = YES_AGGRESSIVE;
				CLANG_WARN_UNREACHABLE_CODE = YES;
				CLANG_WARN__DUPLICATE_METHOD_MATCH = YES;
				COPY_PHASE_STRIP = NO;
				DEBUG_INFORMATION_FORMAT = "dwarf-with-dsym";
				ENABLE_NS_ASSERTIONS = NO;
				ENABLE_STRICT_OBJC_MSGSEND = YES;
				GCC_C_LANGUAGE_STANDARD = gnu11;
				GCC_NO_COMMON_BLOCKS = YES;
				GCC_WARN_64_TO_32_BIT_CONVERSION = YES;
				GCC_WARN_ABOUT_RETURN_TYPE = YES_ERROR;
				GCC_WARN_UNDECLARED_SELECTOR = YES;
				GCC_WARN_UNINITIALIZED_AUTOS = YES_AGGRESSIVE;
				GCC_WARN_UNUSED_FUNCTION = YES;
				GCC_WARN_UNUSED_VARIABLE = YES;
				IPHONEOS_DEPLOYMENT_TARGET = 15.5;
				MTL_ENABLE_DEBUG_INFO = NO;
				MTL_FAST_MATH = YES;
				SDKROOT = iphoneos;
				SWIFT_COMPILATION_MODE = wholemodule;
				SWIFT_OPTIMIZATION_LEVEL = "-O";
				VALIDATE_PRODUCT = YES;
			};
			name = Release;
		};
		F5EB59A229A2112500365DC1 /* Debug */ = {
			isa = XCBuildConfiguration;
			buildSettings = {
				ASSETCATALOG_COMPILER_APPICON_NAME = AppIcon;
				ASSETCATALOG_COMPILER_GLOBAL_ACCENT_COLOR_NAME = AccentColor;
				CODE_SIGN_STYLE = Automatic;
				CURRENT_PROJECT_VERSION = 1;
				DEVELOPMENT_ASSET_PATHS = "\"IndicatorTest/Preview Content\"";
				DEVELOPMENT_TEAM = ZMXTCSPNUZ;
				ENABLE_PREVIEWS = YES;
				GENERATE_INFOPLIST_FILE = YES;
				INFOPLIST_KEY_UIApplicationSceneManifest_Generation = YES;
				INFOPLIST_KEY_UIApplicationSupportsIndirectInputEvents = YES;
				INFOPLIST_KEY_UILaunchScreen_Generation = YES;
				INFOPLIST_KEY_UISupportedInterfaceOrientations_iPad = "UIInterfaceOrientationPortrait UIInterfaceOrientationPortraitUpsideDown UIInterfaceOrientationLandscapeLeft UIInterfaceOrientationLandscapeRight";
				INFOPLIST_KEY_UISupportedInterfaceOrientations_iPhone = "UIInterfaceOrientationPortrait UIInterfaceOrientationLandscapeLeft UIInterfaceOrientationLandscapeRight";
				LD_RUNPATH_SEARCH_PATHS = (
					"$(inherited)",
					"@executable_path/Frameworks",
				);
				MARKETING_VERSION = 1.0;
				PRODUCT_BUNDLE_IDENTIFIER = com.tabber.IndicatorTest;
				PRODUCT_NAME = "$(TARGET_NAME)";
				SWIFT_EMIT_LOC_STRINGS = YES;
				SWIFT_VERSION = 5.0;
				TARGETED_DEVICE_FAMILY = "1,2";
			};
			name = Debug;
		};
		F5EB59A329A2112500365DC1 /* Release */ = {
			isa = XCBuildConfiguration;
			buildSettings = {
				ASSETCATALOG_COMPILER_APPICON_NAME = AppIcon;
				ASSETCATALOG_COMPILER_GLOBAL_ACCENT_COLOR_NAME = AccentColor;
				CODE_SIGN_STYLE = Automatic;
				CURRENT_PROJECT_VERSION = 1;
				DEVELOPMENT_ASSET_PATHS = "\"IndicatorTest/Preview Content\"";
				DEVELOPMENT_TEAM = ZMXTCSPNUZ;
				ENABLE_PREVIEWS = YES;
				GENERATE_INFOPLIST_FILE = YES;
				INFOPLIST_KEY_UIApplicationSceneManifest_Generation = YES;
				INFOPLIST_KEY_UIApplicationSupportsIndirectInputEvents = YES;
				INFOPLIST_KEY_UILaunchScreen_Generation = YES;
				INFOPLIST_KEY_UISupportedInterfaceOrientations_iPad = "UIInterfaceOrientationPortrait UIInterfaceOrientationPortraitUpsideDown UIInterfaceOrientationLandscapeLeft UIInterfaceOrientationLandscapeRight";
				INFOPLIST_KEY_UISupportedInterfaceOrientations_iPhone = "UIInterfaceOrientationPortrait UIInterfaceOrientationLandscapeLeft UIInterfaceOrientationLandscapeRight";
				LD_RUNPATH_SEARCH_PATHS = (
					"$(inherited)",
					"@executable_path/Frameworks",
				);
				MARKETING_VERSION = 1.0;
				PRODUCT_BUNDLE_IDENTIFIER = com.tabber.IndicatorTest;
				PRODUCT_NAME = "$(TARGET_NAME)";
				SWIFT_EMIT_LOC_STRINGS = YES;
				SWIFT_VERSION = 5.0;
				TARGETED_DEVICE_FAMILY = "1,2";
			};
			name = Release;
		};
		F5EB59A529A2112500365DC1 /* Debug */ = {
			isa = XCBuildConfiguration;
			buildSettings = {
				ALWAYS_EMBED_SWIFT_STANDARD_LIBRARIES = YES;
				BUNDLE_LOADER = "$(TEST_HOST)";
				CODE_SIGN_STYLE = Automatic;
				CURRENT_PROJECT_VERSION = 1;
				DEVELOPMENT_TEAM = ZMXTCSPNUZ;
				GENERATE_INFOPLIST_FILE = YES;
				IPHONEOS_DEPLOYMENT_TARGET = 15.5;
				MARKETING_VERSION = 1.0;
				PRODUCT_BUNDLE_IDENTIFIER = com.tabber.IndicatorTestTests;
				PRODUCT_NAME = "$(TARGET_NAME)";
				SWIFT_EMIT_LOC_STRINGS = NO;
				SWIFT_VERSION = 5.0;
				TARGETED_DEVICE_FAMILY = "1,2";
				TEST_HOST = "$(BUILT_PRODUCTS_DIR)/IndicatorTest.app/IndicatorTest";
			};
			name = Debug;
		};
		F5EB59A629A2112500365DC1 /* Release */ = {
			isa = XCBuildConfiguration;
			buildSettings = {
				ALWAYS_EMBED_SWIFT_STANDARD_LIBRARIES = YES;
				BUNDLE_LOADER = "$(TEST_HOST)";
				CODE_SIGN_STYLE = Automatic;
				CURRENT_PROJECT_VERSION = 1;
				DEVELOPMENT_TEAM = ZMXTCSPNUZ;
				GENERATE_INFOPLIST_FILE = YES;
				IPHONEOS_DEPLOYMENT_TARGET = 15.5;
				MARKETING_VERSION = 1.0;
				PRODUCT_BUNDLE_IDENTIFIER = com.tabber.IndicatorTestTests;
				PRODUCT_NAME = "$(TARGET_NAME)";
				SWIFT_EMIT_LOC_STRINGS = NO;
				SWIFT_VERSION = 5.0;
				TARGETED_DEVICE_FAMILY = "1,2";
				TEST_HOST = "$(BUILT_PRODUCTS_DIR)/IndicatorTest.app/IndicatorTest";
			};
			name = Release;
		};
		F5EB59A829A2112500365DC1 /* Debug */ = {
			isa = XCBuildConfiguration;
			buildSettings = {
				ALWAYS_EMBED_SWIFT_STANDARD_LIBRARIES = YES;
				CODE_SIGN_STYLE = Automatic;
				CURRENT_PROJECT_VERSION = 1;
				DEVELOPMENT_TEAM = ZMXTCSPNUZ;
				GENERATE_INFOPLIST_FILE = YES;
				MARKETING_VERSION = 1.0;
				PRODUCT_BUNDLE_IDENTIFIER = com.tabber.IndicatorTestUITests;
				PRODUCT_NAME = "$(TARGET_NAME)";
				SWIFT_EMIT_LOC_STRINGS = NO;
				SWIFT_VERSION = 5.0;
				TARGETED_DEVICE_FAMILY = "1,2";
				TEST_TARGET_NAME = IndicatorTest;
			};
			name = Debug;
		};
		F5EB59A929A2112500365DC1 /* Release */ = {
			isa = XCBuildConfiguration;
			buildSettings = {
				ALWAYS_EMBED_SWIFT_STANDARD_LIBRARIES = YES;
				CODE_SIGN_STYLE = Automatic;
				CURRENT_PROJECT_VERSION = 1;
				DEVELOPMENT_TEAM = ZMXTCSPNUZ;
				GENERATE_INFOPLIST_FILE = YES;
				MARKETING_VERSION = 1.0;
				PRODUCT_BUNDLE_IDENTIFIER = com.tabber.IndicatorTestUITests;
				PRODUCT_NAME = "$(TARGET_NAME)";
				SWIFT_EMIT_LOC_STRINGS = NO;
				SWIFT_VERSION = 5.0;
				TARGETED_DEVICE_FAMILY = "1,2";
				TEST_TARGET_NAME = IndicatorTest;
			};
			name = Release;
		};
/* End XCBuildConfiguration section */

/* Begin XCConfigurationList section */
		F5EB597829A2112200365DC1 /* Build configuration list for PBXProject "IndicatorTest" */ = {
			isa = XCConfigurationList;
			buildConfigurations = (
				F5EB599F29A2112500365DC1 /* Debug */,
				F5EB59A029A2112500365DC1 /* Release */,
			);
			defaultConfigurationIsVisible = 0;
			defaultConfigurationName = Release;
		};
		F5EB59A129A2112500365DC1 /* Build configuration list for PBXNativeTarget "IndicatorTest" */ = {
			isa = XCConfigurationList;
			buildConfigurations = (
				F5EB59A229A2112500365DC1 /* Debug */,
				F5EB59A329A2112500365DC1 /* Release */,
			);
			defaultConfigurationIsVisible = 0;
			defaultConfigurationName = Release;
		};
		F5EB59A429A2112500365DC1 /* Build configuration list for PBXNativeTarget "IndicatorTestTests" */ = {
			isa = XCConfigurationList;
			buildConfigurations = (
				F5EB59A529A2112500365DC1 /* Debug */,
				F5EB59A629A2112500365DC1 /* Release */,
			);
			defaultConfigurationIsVisible = 0;
			defaultConfigurationName = Release;
		};
		F5EB59A729A2112500365DC1 /* Build configuration list for PBXNativeTarget "IndicatorTestUITests" */ = {
			isa = XCConfigurationList;
			buildConfigurations = (
				F5EB59A829A2112500365DC1 /* Debug */,
				F5EB59A929A2112500365DC1 /* Release */,
			);
			defaultConfigurationIsVisible = 0;
			defaultConfigurationName = Release;
		};
/* End XCConfigurationList section */

/* Begin XCRemoteSwiftPackageReference section */
		F5EB59B729A22B0700365DC1 /* XCRemoteSwiftPackageReference "GLoading-Indicator" */ = {
			isa = XCRemoteSwiftPackageReference;
			repositoryURL = "https://github.com/ITlearning/GLoading-Indicator.git";
			requirement = {
				kind = upToNextMajorVersion;
				minimumVersion = 1.0.0;
			};
		};
/* End XCRemoteSwiftPackageReference section */

/* Begin XCSwiftPackageProductDependency section */
		F5EB59B829A22B0700365DC1 /* GLoading-Indicator */ = {
			isa = XCSwiftPackageProductDependency;
			package = F5EB59B729A22B0700365DC1 /* XCRemoteSwiftPackageReference "GLoading-Indicator" */;
			productName = "GLoading-Indicator";
		};
/* End XCSwiftPackageProductDependency section */
	};
	rootObject = F5EB597529A2112200365DC1 /* Project object */;
}
