{
  "pins" : [
    {
      "identity" : "gloading-indicator",
      "kind" : "remoteSourceControl",
      "location" : "https://github.com/ITlearning/GLoading-Indicator.git",
      "state" : {
        "revision" : "83fa68810b98ff56003b4b9c8710c3f96d108259",
        "version" : "1.0.1"
      }
    }
  ],
  "version" : 2
}
