{
  "pins" : [
    {
      "identity" : "gloading-indicator",
      "kind" : "remoteSourceControl",
      "location" : "https://github.com/ITlearning/GLoading-Indicator.git",
      "state" : {
        "revision" : "04d03b5470fae2557514f4099ed6f7366f1d5959",
        "version" : "1.0.3"
      }
    }
  ],
  "version" : 2
}
